github.com/goccy/go-yaml v1.17.1 h1:LI34wktB2xEE3ONG/2Ar54+/HJVBriAGJ55PHls4YuY=
github.com/goccy/go-yaml v1.17.1/go.mod h1:XBurs7gK8ATbW4ZPGKgcbrY1Br56PdM69F7LkFRi1kA=
github.com/idcsource/insight00-lib/base v0.0.0-20250415065410-46f0bc389a6e h1:aM6Muwlb72jz9dRc/LQGtrsY9W0NfVqdJjlu+o717sU=
github.com/idcsource/insight00-lib/base v0.0.0-20250415065410-46f0bc389a6e/go.mod h1:hp2WZ5DCPJ1ksr/UHBBsf1BoCEDZLSC1igt3Pudg4ng=
