github.com/idcsource/insight00-lib/base v0.0.0-20250415065410-46f0bc389a6e h1:aM6Muwlb72jz9dRc/LQGtrsY9W0NfVqdJjlu+o717sU=
github.com/idcsource/insight00-lib/base v0.0.0-20250415065410-46f0bc389a6e/go.mod h1:hp2WZ5DCPJ1ksr/UHBBsf1BoCEDZLSC1igt3Pudg4ng=
gopkg.in/check.v1 v0.0.0-20161208181325-20d25e280405 h1:yhCVgyC4o1eVCa2tZl7eS0r+SDo693bJlVdllGtEeKM=
gopkg.in/check.v1 v0.0.0-20161208181325-20d25e280405/go.mod h1:Co6ibVJAznAaIkqp8huTwlJQCZ016jof/cbN4VW5Yz0=
gopkg.in/yaml.v3 v3.0.1 h1:fxVm/GzAzEWqLHuvctI91KS9hhNmmWOoWu0XTYJS7CA=
gopkg.in/yaml.v3 v3.0.1/go.mod h1:K4uyk7z7BCEPqu6E+C64Yfv1cQ7kz7rIZviUmN+EgEM=
